// !$*UTF8*$!
{
	archiveVersion = 1;
	classes = {
	};
	objectVersion = 48;
	objects = {

/* Begin PBXBuildFile section */
		C31D1DDC1FFE867B00849601 /* AppDelegate.swift in Sources */ = {isa = PBXBuildFile; fileRef = C31D1DDB1FFE867B00849601 /* AppDelegate.swift */; };
		C31D1DDE1FFE867B00849601 /* ViewController.swift in Sources */ = {isa = PBXBuildFile; fileRef = C31D1DDD1FFE867B00849601 /* ViewController.swift */; };
		C31D1DE11FFE867B00849601 /* Main.storyboard in Resources */ = {isa = PBXBuildFile; fileRef = C31D1DDF1FFE867B00849601 /* Main.storyboard */; };
		C31D1DE31FFE867B00849601 /* Assets.xcassets in Resources */ = {isa = PBXBuildFile; fileRef = C31D1DE21FFE867B00849601 /* Assets.xcassets */; };
		C31D1DE61FFE867B00849601 /* LaunchScreen.storyboard in Resources */ = {isa = PBXBuildFile; fileRef = C31D1DE41FFE867B00849601 /* LaunchScreen.storyboard */; };
/* End PBXBuildFile section */

/* Begin PBXFileReference section */
		C31D1DD81FFE867B00849601 /* Date and Time.app */ = {isa = PBXFileReference; explicitFileType = wrapper.application; includeInIndex = 0; path = "Date and Time.app"; sourceTree = BUILT_PRODUCTS_DIR; };
		C31D1DDB1FFE867B00849601 /* AppDelegate.swift */ = {isa = PBXFileReference; lastKnownFileType = sourcecode.swift; path = AppDelegate.swift; sourceTree = "<group>"; };
		C31D1DDD1FFE867B00849601 /* ViewController.swift */ = {isa = PBXFileReference; lastKnownFileType = sourcecode.swift; path = ViewController.swift; sourceTree = "<group>"; };
		C31D1DE01FFE867B00849601 /* Base */ = {isa = PBXFileReference; lastKnownFileType = file.storyboard; name = Base; path = Base.lproj/Main.storyboard; sourceTree = "<group>"; };
		C31D1DE21FFE867B00849601 /* Assets.xcassets */ = {isa = PBXFileReference; lastKnownFileType = folder.assetcatalog; path = Assets.xcassets; sourceTree = "<group>"; };
		C31D1DE51FFE867B00849601 /* Base */ = {isa = PBXFileReference; lastKnownFileType = file.storyboard; name = Base; path = Base.lproj/LaunchScreen.storyboard; sourceTree = "<group>"; };
		C31D1DE71FFE867B00849601 /* Info.plist */ = {isa = PBXFileReference; lastKnownFileType = text.plist.xml; path = Info.plist; sourceTree = "<group>"; };
/* End PBXFileReference section */

/* Begin PBXFrameworksBuildPhase section */
		C31D1DD51FFE867B00849601 /* Frameworks */ = {
			isa = PBXFrameworksBuildPhase;
			buildActionMask = 2147483647;
			files = (
			);
			runOnlyForDeploymentPostprocessing = 0;
		};
/* End PBXFrameworksBuildPhase section */

/* Begin PBXGroup section */
		C31D1DCF1FFE867B00849601 = {
			isa = PBXGroup;
			children = (
				C31D1DDA1FFE867B00849601 /* Date and Time */,
				C31D1DD91FFE867B00849601 /* Products */,
			);
			sourceTree = "<group>";
		};
		C31D1DD91FFE867B00849601 /* Products */ = {
			isa = PBXGroup;
			children = (
				C31D1DD81FFE867B00849601 /* Date and Time.app */,
			);
			name = Products;
			sourceTree = "<group>";
		};
		C31D1DDA1FFE867B00849601 /* Date and Time */ = {
			isa = PBXGroup;
			children = (
				C31D1DDB1FFE867B00849601 /* AppDelegate.swift */,
				C31D1DDD1FFE867B00849601 /* ViewController.swift */,
				C31D1DDF1FFE867B00849601 /* Main.storyboard */,
				C31D1DE21FFE867B00849601 /* Assets.xcassets */,
				C31D1DE41FFE867B00849601 /* LaunchScreen.storyboard */,
				C31D1DE71FFE867B00849601 /* Info.plist */,
			);
			path = "Date and Time";
			sourceTree = "<group>";
		};
/* End PBXGroup section */

/* Begin PBXNativeTarget section */
		C31D1DD71FFE867B00849601 /* Date and Time */ = {
			isa = PBXNativeTarget;
			buildConfigurationList = C31D1DEA1FFE867B00849601 /* Build configuration list for PBXNativeTarget "Date and Time" */;
			buildPhases = (
				C31D1DD41FFE867B00849601 /* Sources */,
				C31D1DD51FFE867B00849601 /* Frameworks */,
				C31D1DD61FFE867B00849601 /* Resources */,
			);
			buildRules = (
			);
			dependencies = (
			);
			name = "Date and Time";
			productName = "Date and Time";
			productReference = C31D1DD81FFE867B00849601 /* Date and Time.app */;
			productType = "com.apple.product-type.application";
		};
/* End PBXNativeTarget section */

/* Begin PBXProject section */
		C31D1DD01FFE867B00849601 /* Project object */ = {
			isa = PBXProject;
			attributes = {
				LastSwiftUpdateCheck = 0920;
				LastUpgradeCheck = 0920;
				ORGANIZATIONNAME = "Simon Chu";
				TargetAttributes = {
					C31D1DD71FFE867B00849601 = {
						CreatedOnToolsVersion = 9.2;
						ProvisioningStyle = Automatic;
					};
				};
			};
			buildConfigurationList = C31D1DD31FFE867B00849601 /* Build configuration list for PBXProject "Date and Time" */;
			compatibilityVersion = "Xcode 8.0";
			developmentRegion = en;
			hasScannedForEncodings = 0;
			knownRegions = (
				en,
				Base,
			);
			mainGroup = C31D1DCF1FFE867B00849601;
			productRefGroup = C31D1DD91FFE867B00849601 /* Products */;
			projectDirPath = "";
			projectRoot = "";
			targets = (
				C31D1DD71FFE867B00849601 /* Date and Time */,
			);
		};
/* End PBXProject section */

/* Begin PBXResourcesBuildPhase section */
		C31D1DD61FFE867B00849601 /* Resources */ = {
			isa = PBXResourcesBuildPhase;
			buildActionMask = 2147483647;
			files = (
				C31D1DE61FFE867B00849601 /* LaunchScreen.storyboard in Resources */,
				C31D1DE31FFE867B00849601 /* Assets.xcassets in Resources */,
				C31D1DE11FFE867B00849601 /* Main.storyboard in Resources */,
			);
			runOnlyForDeploymentPostprocessing = 0;
		};
/* End PBXResourcesBuildPhase section */

/* Begin PBXSourcesBuildPhase section */
		C31D1DD41FFE867B00849601 /* Sources */ = {
			isa = PBXSourcesBuildPhase;
			buildActionMask = 2147483647;
			files = (
				C31D1DDE1FFE867B00849601 /* ViewController.swift in Sources */,
				C31D1DDC1FFE867B00849601 /* AppDelegate.swift in Sources */,
			);
			runOnlyForDeploymentPostprocessing = 0;
		};
/* End PBXSourcesBuildPhase section */

/* Begin PBXVariantGroup section */
		C31D1DDF1FFE867B00849601 /* Main.storyboard */ = {
			isa = PBXVariantGroup;
			children = (
				C31D1DE01FFE867B00849601 /* Base */,
			);
			name = Main.storyboard;
			sourceTree = "<group>";
		};
		C31D1DE41FFE867B00849601 /* LaunchScreen.storyboard */ = {
			isa = PBXVariantGroup;
			children = (
				C31D1DE51FFE867B00849601 /* Base */,
			);
			name = LaunchScreen.storyboard;
			sourceTree = "<group>";
		};
/* End PBXVariantGroup section */

/* Begin XCBuildConfiguration section */
		C31D1DE81FFE867B00849601 /* Debug */ = {
			isa = XCBuildConfiguration;
			buildSettings = {
				ALWAYS_SEARCH_USER_PATHS = NO;
				CLANG_ANALYZER_NONNULL = YES;
				CLANG_ANALYZER_NUMBER_OBJECT_CONVERSION = YES_AGGRESSIVE;
				CLANG_CXX_LANGUAGE_STANDARD = "gnu++14";
				CLANG_CXX_LIBRARY = "libc++";
				CLANG_ENABLE_MODULES = YES;
				CLANG_ENABLE_OBJC_ARC = YES;
				CLANG_WARN_BLOCK_CAPTURE_AUTORELEASING = YES;
				CLANG_WARN_BOOL_CONVERSION = YES;
				CLANG_WARN_COMMA = YES;
				CLANG_WARN_CONSTANT_CONVERSION = YES;
				CLANG_WARN_DIRECT_OBJC_ISA_USAGE = YES_ERROR;
				CLANG_WARN_DOCUMENTATION_COMMENTS = YES;
				CLANG_WARN_EMPTY_BODY = YES;
				CLANG_WARN_ENUM_CONVERSION = YES;
				CLANG_WARN_INFINITE_RECURSION = YES;
				CLANG_WARN_INT_CONVERSION = YES;
				CLANG_WARN_NON_LITERAL_NULL_CONVERSION = YES;
				CLANG_WARN_OBJC_LITERAL_CONVERSION = YES;
				CLANG_WARN_OBJC_ROOT_CLASS = YES_ERROR;
				CLANG_WARN_RANGE_LOOP_ANALYSIS = YES;
				CLANG_WARN_STRICT_PROTOTYPES = YES;
				CLANG_WARN_SUSPICIOUS_MOVE = YES;
				CLANG_WARN_UNGUARDED_AVAILABILITY = YES_AGGRESSIVE;
				CLANG_WARN_UNREACHABLE_CODE = YES;
				CLANG_WARN__DUPLICATE_METHOD_MATCH = YES;
				CODE_SIGN_IDENTITY = "iPhone Developer";
				COPY_PHASE_STRIP = NO;
				DEBUG_INFORMATION_FORMAT = dwarf;
				ENABLE_STRICT_OBJC_MSGSEND = YES;
				ENABLE_TESTABILITY = YES;
				GCC_C_LANGUAGE_STANDARD = gnu11;
				GCC_DYNAMIC_NO_PIC = NO;
				GCC_NO_COMMON_BLOCKS = YES;
				GCC_OPTIMIZATION_LEVEL = 0;
				GCC_PREPROCESSOR_DEFINITIONS = (
					"DEBUG=1",
					"$(inherited)",
				);
				GCC_WARN_64_TO_32_BIT_CONVERSION = YES;
				GCC_WARN_ABOUT_RETURN_TYPE = YES_ERROR;
				GCC_WARN_UNDECLARED_SELECTOR = YES;
				GCC_WARN_UNINITIALIZED_AUTOS = YES_AGGRESSIVE;
				GCC_WARN_UNUSED_FUNCTION = YES;
				GCC_WARN_UNUSED_VARIABLE = YES;
				IPHONEOS_DEPLOYMENT_TARGET = 11.2;
				MTL_ENABLE_DEBUG_INFO = YES;
				ONLY_ACTIVE_ARCH = YES;
				SDKROOT = iphoneos;
				SWIFT_ACTIVE_COMPILATION_CONDITIONS = DEBUG;
				SWIFT_OPTIMIZATION_LEVEL = "-Onone";
			};
			name = Debug;
		};
		C31D1DE91FFE867B00849601 /* Release */ = {
			isa = XCBuildConfiguration;
			buildSettings = {
				ALWAYS_SEARCH_USER_PATHS = NO;
				CLANG_ANALYZER_NONNULL = YES;
				CLANG_ANALYZER_NUMBER_OBJECT_CONVERSION = YES_AGGRESSIVE;
				CLANG_CXX_LANGUAGE_STANDARD = "gnu++14";
				CLANG_CXX_LIBRARY = "libc++";
				CLANG_ENABLE_MODULES = YES;
				CLANG_ENABLE_OBJC_ARC = YES;
				CLANG_WARN_BLOCK_CAPTURE_AUTORELEASING = YES;
				CLANG_WARN_BOOL_CONVERSION = YES;
				CLANG_WARN_COMMA = YES;
				CLANG_WARN_CONSTANT_CONVERSION = YES;
				CLANG_WARN_DIRECT_OBJC_ISA_USAGE = YES_ERROR;
				CLANG_WARN_DOCUMENTATION_COMMENTS = YES;
				CLANG_WARN_EMPTY_BODY = YES;
				CLANG_WARN_ENUM_CONVERSION = YES;
				CLANG_WARN_INFINITE_RECURSION = YES;
				CLANG_WARN_INT_CONVERSION = YES;
				CLANG_WARN_NON_LITERAL_NULL_CONVERSION = YES;
				CLANG_WARN_OBJC_LITERAL_CONVERSION = YES;
				CLANG_WARN_OBJC_ROOT_CLASS = YES_ERROR;
				CLANG_WARN_RANGE_LOOP_ANALYSIS = YES;
				CLANG_WARN_STRICT_PROTOTYPES = YES;
				CLANG_WARN_SUSPICIOUS_MOVE = YES;
				CLANG_WARN_UNGUARDED_AVAILABILITY = YES_AGGRESSIVE;
				CLANG_WARN_UNREACHABLE_CODE = YES;
				CLANG_WARN__DUPLICATE_METHOD_MATCH = YES;
				CODE_SIGN_IDENTITY = "iPhone Developer";
				COPY_PHASE_STRIP = NO;
				DEBUG_INFORMATION_FORMAT = "dwarf-with-dsym";
				ENABLE_NS_ASSERTIONS = NO;
				ENABLE_STRICT_OBJC_MSGSEND = YES;
				GCC_C_LANGUAGE_STANDARD = gnu11;
				GCC_NO_COMMON_BLOCKS = YES;
				GCC_WARN_64_TO_32_BIT_CONVERSION = YES;
				GCC_WARN_ABOUT_RETURN_TYPE = YES_ERROR;
				GCC_WARN_UNDECLARED_SELECTOR = YES;
				GCC_WARN_UNINITIALIZED_AUTOS = YES_AGGRESSIVE;
				GCC_WARN_UNUSED_FUNCTION = YES;
				GCC_WARN_UNUSED_VARIABLE = YES;
				IPHONEOS_DEPLOYMENT_TARGET = 11.2;
				MTL_ENABLE_DEBUG_INFO = NO;
				SDKROOT = iphoneos;
				SWIFT_OPTIMIZATION_LEVEL = "-Owholemodule";
				VALIDATE_PRODUCT = YES;
			};
			name = Release;
		};
		C31D1DEB1FFE867B00849601 /* Debug */ = {
			isa = XCBuildConfiguration;
			buildSettings = {
				ASSETCATALOG_COMPILER_APPICON_NAME = AppIcon;
				CODE_SIGN_STYLE = Automatic;
				DEVELOPMENT_TEAM = B4X84G2T4V;
				INFOPLIST_FILE = "Date and Time/Info.plist";
				LD_RUNPATH_SEARCH_PATHS = "$(inherited) @executable_path/Frameworks";
				PRODUCT_BUNDLE_IDENTIFIER = "com.simonchu.Date-and-Time";
				PRODUCT_NAME = "$(TARGET_NAME)";
				SWIFT_VERSION = 4.0;
				TARGETED_DEVICE_FAMILY = "1,2";
			};
			name = Debug;
		};
		C31D1DEC1FFE867B00849601 /* Release */ = {
			isa = XCBuildConfiguration;
			buildSettings = {
				ASSETCATALOG_COMPILER_APPICON_NAME = AppIcon;
				CODE_SIGN_STYLE = Automatic;
				DEVELOPMENT_TEAM = B4X84G2T4V;
				INFOPLIST_FILE = "Date and Time/Info.plist";
				LD_RUNPATH_SEARCH_PATHS = "$(inherited) @executable_path/Frameworks";
				PRODUCT_BUNDLE_IDENTIFIER = "com.simonchu.Date-and-Time";
				PRODUCT_NAME = "$(TARGET_NAME)";
				SWIFT_VERSION = 4.0;
				TARGETED_DEVICE_FAMILY = "1,2";
			};
			name = Release;
		};
/* End XCBuildConfiguration section */

/* Begin XCConfigurationList section */
		C31D1DD31FFE867B00849601 /* Build configuration list for PBXProject "Date and Time" */ = {
			isa = XCConfigurationList;
			buildConfigurations = (
				C31D1DE81FFE867B00849601 /* Debug */,
				C31D1DE91FFE867B00849601 /* Release */,
			);
			defaultConfigurationIsVisible = 0;
			defaultConfigurationName = Release;
		};
		C31D1DEA1FFE867B00849601 /* Build configuration list for PBXNativeTarget "Date and Time" */ = {
			isa = XCConfigurationList;
			buildConfigurations = (
				C31D1DEB1FFE867B00849601 /* Debug */,
				C31D1DEC1FFE867B00849601 /* Release */,
			);
			defaultConfigurationIsVisible = 0;
			defaultConfigurationName = Release;
		};
/* End XCConfigurationList section */
	};
	rootObject = C31D1DD01FFE867B00849601 /* Project object */;
}
